
Microsoft Visual Studio Solution File, Format Version 12.00
# Visual Studio 15
VisualStudioVersion = 15.0.27130.2036
MinimumVisualStudioVersion = 10.0.40219.1
Project("{FAE04EC0-301F-11D3-BF4B-00C04F79EFBC}") = "Facade", "Facade\Facade.csproj", "{0B5DF82F-7928-49CC-A995-1A625EADC21B}"
EndProject
Project("{FAE04EC0-301F-11D3-BF4B-00C04F79EFBC}") = "CustomMath", "CustomMath\CustomMath.csproj", "{B9D8FC0D-0FD9-4FD1-9721-575B1B5EBFF7}"
EndProject
Project("{FAE04EC0-301F-11D3-BF4B-00C04F79EFBC}") = "FacadeTests", "FacadeTests\FacadeTests.csproj", "{AC67E2CE-0FBF-4BDD-9232-2BA8A255DBD9}"
EndProject
Global
	GlobalSection(SolutionConfigurationPlatforms) = preSolution
		Debug|Any CPU = Debug|Any CPU
		Release|Any CPU = Release|Any CPU
	EndGlobalSection
	GlobalSection(ProjectConfigurationPlatforms) = postSolution
		{0B5DF82F-7928-49CC-A995-1A625EADC21B}.Debug|Any CPU.ActiveCfg = Debug|Any CPU
		{0B5DF82F-7928-49CC-A995-1A625EADC21B}.Debug|Any CPU.Build.0 = Debug|Any CPU
		{0B5DF82F-7928-49CC-A995-1A625EADC21B}.Release|Any CPU.ActiveCfg = Release|Any CPU
		{0B5DF82F-7928-49CC-A995-1A625EADC21B}.Release|Any CPU.Build.0 = Release|Any CPU
		{B9D8FC0D-0FD9-4FD1-9721-575B1B5EBFF7}.Debug|Any CPU.ActiveCfg = Debug|Any CPU
		{B9D8FC0D-0FD9-4FD1-9721-575B1B5EBFF7}.Debug|Any CPU.Build.0 = Debug|Any CPU
		{B9D8FC0D-0FD9-4FD1-9721-575B1B5EBFF7}.Release|Any CPU.ActiveCfg = Release|Any CPU
		{B9D8FC0D-0FD9-4FD1-9721-575B1B5EBFF7}.Release|Any CPU.Build.0 = Release|Any CPU
		{AC67E2CE-0FBF-4BDD-9232-2BA8A255DBD9}.Debug|Any CPU.ActiveCfg = Debug|Any CPU
		{AC67E2CE-0FBF-4BDD-9232-2BA8A255DBD9}.Debug|Any CPU.Build.0 = Debug|Any CPU
		{AC67E2CE-0FBF-4BDD-9232-2BA8A255DBD9}.Release|Any CPU.ActiveCfg = Release|Any CPU
		{AC67E2CE-0FBF-4BDD-9232-2BA8A255DBD9}.Release|Any CPU.Build.0 = Release|Any CPU
	EndGlobalSection
	GlobalSection(SolutionProperties) = preSolution
		HideSolutionNode = FALSE
	EndGlobalSection
	GlobalSection(ExtensibilityGlobals) = postSolution
		SolutionGuid = {8354139C-4F8B-4123-BE8D-F71163A3253B}
	EndGlobalSection
EndGlobal
